
Microsoft Visual Studio Solution File, Format Version 12.00
# Visual Studio Version 16
VisualStudioVersion = 16.0.30907.101
MinimumVisualStudioVersion = 10.0.40219.1
Project("{FAE04EC0-301F-11D3-BF4B-00C04F79EFBC}") = "TaxCalculator", "TaxCalculator\TaxCalculator.csproj", "{2256572C-A2DD-4E9C-9B84-C4EFE9D21EF2}"
EndProject
Global
	GlobalSection(SolutionConfigurationPlatforms) = preSolution
		Debug|Any CPU = Debug|Any CPU
		Release|Any CPU = Release|Any CPU
	EndGlobalSection
	GlobalSection(ProjectConfigurationPlatforms) = postSolution
		{2256572C-A2DD-4E9C-9B84-C4EFE9D21EF2}.Debug|Any CPU.ActiveCfg = Debug|Any CPU
		{2256572C-A2DD-4E9C-9B84-C4EFE9D21EF2}.Debug|Any CPU.Build.0 = Debug|Any CPU
		{2256572C-A2DD-4E9C-9B84-C4EFE9D21EF2}.Release|Any CPU.ActiveCfg = Release|Any CPU
		{2256572C-A2DD-4E9C-9B84-C4EFE9D21EF2}.Release|Any CPU.Build.0 = Release|Any CPU
	EndGlobalSection
	GlobalSection(SolutionProperties) = preSolution
		HideSolutionNode = FALSE
	EndGlobalSection
	GlobalSection(ExtensibilityGlobals) = postSolution
		SolutionGuid = {E071D14D-D979-4131-8CD4-B88A5059E6C5}
	EndGlobalSection
EndGlobal
